
Microsoft Visual Studio Solution File, Format Version 12.00
# Visual Studio 2012
Project("{FAE04EC0-301F-11D3-BF4B-00C04F79EFBC}") = "MD5Breaker", "MD5Breaker\MD5Breaker.csproj", "{343C0961-2EDB-44F9-AAE0-DD6AD0E30058}"
EndProject
Project("{FAE04EC0-301F-11D3-BF4B-00C04F79EFBC}") = "Client", "Client\Client.csproj", "{C340DBC4-E1DB-4A6B-81D5-98DE32EB22EB}"
EndProject
Project("{FAE04EC0-301F-11D3-BF4B-00C04F79EFBC}") = "View", "View\View.csproj", "{685A10B2-863C-454A-81F8-48A1A6A91D42}"
EndProject
Project("{FAE04EC0-301F-11D3-BF4B-00C04F79EFBC}") = "Control", "Control\Control.csproj", "{4BA7E926-AA06-4D8A-9A3B-4A10B05F9A03}"
EndProject
Global
	GlobalSection(SolutionConfigurationPlatforms) = preSolution
		Debug|Any CPU = Debug|Any CPU
		Release|Any CPU = Release|Any CPU
	EndGlobalSection
	GlobalSection(ProjectConfigurationPlatforms) = postSolution
		{343C0961-2EDB-44F9-AAE0-DD6AD0E30058}.Debug|Any CPU.ActiveCfg = Debug|Any CPU
		{343C0961-2EDB-44F9-AAE0-DD6AD0E30058}.Debug|Any CPU.Build.0 = Debug|Any CPU
		{343C0961-2EDB-44F9-AAE0-DD6AD0E30058}.Release|Any CPU.ActiveCfg = Release|Any CPU
		{343C0961-2EDB-44F9-AAE0-DD6AD0E30058}.Release|Any CPU.Build.0 = Release|Any CPU
		{C340DBC4-E1DB-4A6B-81D5-98DE32EB22EB}.Debug|Any CPU.ActiveCfg = Debug|Any CPU
		{C340DBC4-E1DB-4A6B-81D5-98DE32EB22EB}.Debug|Any CPU.Build.0 = Debug|Any CPU
		{C340DBC4-E1DB-4A6B-81D5-98DE32EB22EB}.Release|Any CPU.ActiveCfg = Release|Any CPU
		{C340DBC4-E1DB-4A6B-81D5-98DE32EB22EB}.Release|Any CPU.Build.0 = Release|Any CPU
		{685A10B2-863C-454A-81F8-48A1A6A91D42}.Debug|Any CPU.ActiveCfg = Debug|Any CPU
		{685A10B2-863C-454A-81F8-48A1A6A91D42}.Debug|Any CPU.Build.0 = Debug|Any CPU
		{685A10B2-863C-454A-81F8-48A1A6A91D42}.Release|Any CPU.ActiveCfg = Release|Any CPU
		{685A10B2-863C-454A-81F8-48A1A6A91D42}.Release|Any CPU.Build.0 = Release|Any CPU
		{4BA7E926-AA06-4D8A-9A3B-4A10B05F9A03}.Debug|Any CPU.ActiveCfg = Debug|Any CPU
		{4BA7E926-AA06-4D8A-9A3B-4A10B05F9A03}.Debug|Any CPU.Build.0 = Debug|Any CPU
		{4BA7E926-AA06-4D8A-9A3B-4A10B05F9A03}.Release|Any CPU.ActiveCfg = Release|Any CPU
		{4BA7E926-AA06-4D8A-9A3B-4A10B05F9A03}.Release|Any CPU.Build.0 = Release|Any CPU
	EndGlobalSection
	GlobalSection(SolutionProperties) = preSolution
		HideSolutionNode = FALSE
	EndGlobalSection
EndGlobal
